# N05 Windows package lock
# Generated 2026-09-16 on Windows 11 x64 with Python 3.12.10.
# Source: isolated `pip install backend[package]`, then `pip freeze` excluding the local HTDT package.
# N60 adds PyQtGraph 0.14.0; its wheel adds no new third-party dependency beyond this lock.
# Reproduce with the package extra from backend/pyproject.toml. This lock freezes the resolved third-party closure for N05/A02.
altgraph==0.17.5
annotated-doc==0.0.5
annotated-types==0.8.0
anyio==4.15.1
attrs==26.1.0
certifi==2026.7.22
charset-normalizer==3.5.1
click==8.5.0
contourpy==1.4.0
cycler==0.12.1
cyclopts==4.25.2
docstring_parser==0.18.0
fastapi==0.141.1
fonttools==4.65.0
h11==0.16.0
idna==3.19
kiwisolver==1.5.1
markdown-it-py==4.2.0
matplotlib==3.11.2
mdurl==0.1.2
numpy==2.5.3
packaging==26.3
pefile==2024.8.26
pillow==12.3.0
platformdirs==4.11.9
pooch==1.9.0
pydantic==2.13.4
pydantic_core==2.46.4
Pygments==2.21.0
pyinstaller==6.22.3
pyinstaller-hooks-contrib==2026.7
pyparsing==3.3.2
PySide6==6.11.2
PySide6_Addons==6.11.2
PySide6_Essentials==6.11.2
pyqtgraph==0.14.0
python-dateutil==2.9.0.post0
pyvista==0.49.0
pyvista-validation==0.2.2
pyvistaqt==0.13.1
pywin32-ctypes==0.2.3
QtPy==2.4.3
requests==2.34.2
rich==15.0.0
rich-rst==2.1.0
scooby==0.12.0
setuptools==84.0.0
shapely==2.1.2
shiboken6==6.11.2
six==1.17.0
starlette==1.6.0
typing-inspection==0.4.4
typing_extensions==4.16.0
urllib3==2.8.0
uvicorn==0.52.1
vtk==9.7.0
